
Microsoft Visual Studio Solution File, Format Version 11.00
# Visual Studio 2010
Project("{FAE04EC0-301F-11D3-BF4B-00C04F79EFBC}") = "Assembly-CSharp", "Assembly-CSharp.csproj", "{F36BB518-1397-61BB-6A52-E566169EEB51}"
EndProject
Project("{FAE04EC0-301F-11D3-BF4B-00C04F79EFBC}") = "Assembly-CSharp-Editor", "Assembly-CSharp-Editor.csproj", "{8722095F-0A20-4130-63A4-4AD22A9598A4}"
EndProject
Global
	GlobalSection(SolutionConfigurationPlatforms) = preSolution
		Debug|Any CPU = Debug|Any CPU
		Release|Any CPU = Release|Any CPU
	EndGlobalSection
	GlobalSection(ProjectConfigurationPlatforms) = postSolution
		{F36BB518-1397-61BB-6A52-E566169EEB51}.Debug|Any CPU.ActiveCfg = Debug|Any CPU
		{F36BB518-1397-61BB-6A52-E566169EEB51}.Debug|Any CPU.Build.0 = Debug|Any CPU
		{F36BB518-1397-61BB-6A52-E566169EEB51}.Release|Any CPU.ActiveCfg = Release|Any CPU
		{F36BB518-1397-61BB-6A52-E566169EEB51}.Release|Any CPU.Build.0 = Release|Any CPU
		{8722095F-0A20-4130-63A4-4AD22A9598A4}.Debug|Any CPU.ActiveCfg = Debug|Any CPU
		{8722095F-0A20-4130-63A4-4AD22A9598A4}.Debug|Any CPU.Build.0 = Debug|Any CPU
		{8722095F-0A20-4130-63A4-4AD22A9598A4}.Release|Any CPU.ActiveCfg = Release|Any CPU
		{8722095F-0A20-4130-63A4-4AD22A9598A4}.Release|Any CPU.Build.0 = Release|Any CPU
	EndGlobalSection
	GlobalSection(SolutionProperties) = preSolution
		HideSolutionNode = FALSE
	EndGlobalSection
EndGlobal
